
Microsoft Visual Studio Solution File, Format Version 12.00
# Visual Studio Version 17
VisualStudioVersion = 17.6.33815.320
MinimumVisualStudioVersion = 10.0.40219.1
Project("{8BC9CEB8-8B4A-11D0-8D11-00A0C91BC942}") = "MitchellP8", "MitchellP8.vcxproj", "{EB26F765-F993-4CA5-AF1C-DB49C0B8C75C}"
EndProject
Global
	GlobalSection(SolutionConfigurationPlatforms) = preSolution
		Debug|x64 = Debug|x64
		Debug|x86 = Debug|x86
		Release|x64 = Release|x64
		Release|x86 = Release|x86
	EndGlobalSection
	GlobalSection(ProjectConfigurationPlatforms) = postSolution
		{EB26F765-F993-4CA5-AF1C-DB49C0B8C75C}.Debug|x64.ActiveCfg = Debug|x64
		{EB26F765-F993-4CA5-AF1C-DB49C0B8C75C}.Debug|x64.Build.0 = Debug|x64
		{EB26F765-F993-4CA5-AF1C-DB49C0B8C75C}.Debug|x86.ActiveCfg = Debug|Win32
		{EB26F765-F993-4CA5-AF1C-DB49C0B8C75C}.Debug|x86.Build.0 = Debug|Win32
		{EB26F765-F993-4CA5-AF1C-DB49C0B8C75C}.Release|x64.ActiveCfg = Release|x64
		{EB26F765-F993-4CA5-AF1C-DB49C0B8C75C}.Release|x64.Build.0 = Release|x64
		{EB26F765-F993-4CA5-AF1C-DB49C0B8C75C}.Release|x86.ActiveCfg = Release|Win32
		{EB26F765-F993-4CA5-AF1C-DB49C0B8C75C}.Release|x86.Build.0 = Release|Win32
	EndGlobalSection
	GlobalSection(SolutionProperties) = preSolution
		HideSolutionNode = FALSE
	EndGlobalSection
	GlobalSection(ExtensibilityGlobals) = postSolution
		SolutionGuid = {64381AAE-7142-4BAF-87FD-E98CA1AEE915}
	EndGlobalSection
EndGlobal
